
Microsoft Visual Studio Solution File, Format Version 12.00
# Visual Studio Version 17
VisualStudioVersion = 17.7.34031.279
MinimumVisualStudioVersion = 10.0.40219.1
Project("{FAE04EC0-301F-11D3-BF4B-00C04F79EFBC}") = "The_MoviesWPF", "The_MoviesWPF\The_MoviesWPF.csproj", "{9686B67C-0DCD-446E-9121-2CA72260B136}"
EndProject
Project("{FAE04EC0-301F-11D3-BF4B-00C04F79EFBC}") = "TestProjectAfMovies", "TestProjectAfMovies\TestProjectAfMovies.csproj", "{A1AF0D8E-357C-4E4E-870B-3039A5095FAC}"
EndProject
Global
	GlobalSection(SolutionConfigurationPlatforms) = preSolution
		Debug|Any CPU = Debug|Any CPU
		Release|Any CPU = Release|Any CPU
	EndGlobalSection
	GlobalSection(ProjectConfigurationPlatforms) = postSolution
		{9686B67C-0DCD-446E-9121-2CA72260B136}.Debug|Any CPU.ActiveCfg = Debug|Any CPU
		{9686B67C-0DCD-446E-9121-2CA72260B136}.Debug|Any CPU.Build.0 = Debug|Any CPU
		{9686B67C-0DCD-446E-9121-2CA72260B136}.Release|Any CPU.ActiveCfg = Release|Any CPU
		{9686B67C-0DCD-446E-9121-2CA72260B136}.Release|Any CPU.Build.0 = Release|Any CPU
		{A1AF0D8E-357C-4E4E-870B-3039A5095FAC}.Debug|Any CPU.ActiveCfg = Debug|Any CPU
		{A1AF0D8E-357C-4E4E-870B-3039A5095FAC}.Debug|Any CPU.Build.0 = Debug|Any CPU
		{A1AF0D8E-357C-4E4E-870B-3039A5095FAC}.Release|Any CPU.ActiveCfg = Release|Any CPU
		{A1AF0D8E-357C-4E4E-870B-3039A5095FAC}.Release|Any CPU.Build.0 = Release|Any CPU
	EndGlobalSection
	GlobalSection(SolutionProperties) = preSolution
		HideSolutionNode = FALSE
	EndGlobalSection
	GlobalSection(ExtensibilityGlobals) = postSolution
		SolutionGuid = {06A4BC42-F987-45E0-A3B2-64A75D7F0863}
	EndGlobalSection
EndGlobal
